
Microsoft Visual Studio Solution File, Format Version 12.00
# Visual Studio Version 17
VisualStudioVersion = 17.0.31612.314
MinimumVisualStudioVersion = 10.0.40219.1
Project("{FAE04EC0-301F-11D3-BF4B-00C04F79EFBC}") = "CactbotExtension", "CactbotExtension.csproj", "{4DB002E1-D6DD-4F14-9242-200EC01700D8}"
EndProject
Global
	GlobalSection(SolutionConfigurationPlatforms) = preSolution
		Debug|Any CPU = Debug|Any CPU
		Release|Any CPU = Release|Any CPU
	EndGlobalSection
	GlobalSection(ProjectConfigurationPlatforms) = postSolution
		{4DB002E1-D6DD-4F14-9242-200EC01700D8}.Debug|Any CPU.ActiveCfg = Debug|Any CPU
		{4DB002E1-D6DD-4F14-9242-200EC01700D8}.Debug|Any CPU.Build.0 = Debug|Any CPU
		{4DB002E1-D6DD-4F14-9242-200EC01700D8}.Release|Any CPU.ActiveCfg = Release|Any CPU
		{4DB002E1-D6DD-4F14-9242-200EC01700D8}.Release|Any CPU.Build.0 = Release|Any CPU
	EndGlobalSection
	GlobalSection(SolutionProperties) = preSolution
		HideSolutionNode = FALSE
	EndGlobalSection
	GlobalSection(ExtensibilityGlobals) = postSolution
		SolutionGuid = {FF5E0869-3389-485A-BDED-399833541039}
	EndGlobalSection
EndGlobal
